# THIS IS AN AUTOGENERATED FILE. DO NOT EDIT THIS FILE DIRECTLY.
# yarn lockfile v1


"@opendns/renovate-test-lib@1.0.0":
  version "1.0.0"
  resolved "https://npmregistry.p1.opendns.com/@opendns%2frenovate-test-lib/-/renovate-test-lib-1.0.0.tgz#b3244b9224cf96ea141bb0880cf6394f588f06ac"
  integrity sha512-jpHgoZDKwGO5DaktE0AAKKlwzA+K2wxM/X0U7rjIl2LxI0CxXA4Il83OKdVK0FGton1eETi3VnrlO828FjScKw==
